PODS:
  - AMapFoundation-NO-IDFA-XC (1.0.7)

DEPENDENCIES:
  - AMapFoundation-NO-IDFA-XC (from `https://github.com/SouHanaQiao/AMapFoundation-NO-IDFA-XC.git`, tag `1.0.7`)

EXTERNAL SOURCES:
  AMapFoundation-NO-IDFA-XC:
    :git: https://github.com/SouHanaQiao/AMapFoundation-NO-IDFA-XC.git
    :tag: 1.0.7

CHECKOUT OPTIONS:
  AMapFoundation-NO-IDFA-XC:
    :git: https://github.com/SouHanaQiao/AMapFoundation-NO-IDFA-XC.git
    :tag: 1.0.7

SPEC CHECKSUMS:
  AMapFoundation-NO-IDFA-XC: c2a2c15718233a53795aae09ea683f9ae73f9535

PODFILE CHECKSUM: 9df662b230b6ff75959c21c742953771de1e448c

COCOAPODS: 1.12.1
