PODS:
  - AMapFoundation-NO-IDFA-XC (1.0.8)

DEPENDENCIES:
  - AMapFoundation-NO-IDFA-XC (from `https://github.com/SouHanaQiao/AMapFoundation-NO-IDFA-XC.git`, tag `1.0.8`)

EXTERNAL SOURCES:
  AMapFoundation-NO-IDFA-XC:
    :git: https://github.com/SouHanaQiao/AMapFoundation-NO-IDFA-XC.git
    :tag: 1.0.8

CHECKOUT OPTIONS:
  AMapFoundation-NO-IDFA-XC:
    :git: https://github.com/SouHanaQiao/AMapFoundation-NO-IDFA-XC.git
    :tag: 1.0.8

SPEC CHECKSUMS:
  AMapFoundation-NO-IDFA-XC: df784058060ba1528b380379b94109f5b0278981

PODFILE CHECKSUM: d16b5f950753ab694b6beba72413e239d59ca456

COCOAPODS: 1.12.1
